
Microsoft Visual Studio Solution File, Format Version 12.00
# Visual Studio 15
VisualStudioVersion = 15.0.27703.2042
MinimumVisualStudioVersion = 10.0.40219.1
Project("{9A19103F-16F7-4668-BE54-9A1E7A4F7556}") = "webapp", "webapp\webapp.csproj", "{B4264171-2FD9-4BA0-80FB-8BA209793769}"
EndProject
Project("{FAE04EC0-301F-11D3-BF4B-00C04F79EFBC}") = "webapp-tests", "webapp-tests\webapp-tests.csproj", "{D9BEFC18-9E25-4CB3-BC87-7CA4BC8E02F5}"
EndProject
Global
	GlobalSection(SolutionConfigurationPlatforms) = preSolution
		Debug|Any CPU = Debug|Any CPU
		Release|Any CPU = Release|Any CPU
	EndGlobalSection
	GlobalSection(ProjectConfigurationPlatforms) = postSolution
		{B4264171-2FD9-4BA0-80FB-8BA209793769}.Debug|Any CPU.ActiveCfg = Debug|Any CPU
		{B4264171-2FD9-4BA0-80FB-8BA209793769}.Debug|Any CPU.Build.0 = Debug|Any CPU
		{B4264171-2FD9-4BA0-80FB-8BA209793769}.Release|Any CPU.ActiveCfg = Release|Any CPU
		{B4264171-2FD9-4BA0-80FB-8BA209793769}.Release|Any CPU.Build.0 = Release|Any CPU
		{D9BEFC18-9E25-4CB3-BC87-7CA4BC8E02F5}.Debug|Any CPU.ActiveCfg = Debug|Any CPU
		{D9BEFC18-9E25-4CB3-BC87-7CA4BC8E02F5}.Debug|Any CPU.Build.0 = Debug|Any CPU
		{D9BEFC18-9E25-4CB3-BC87-7CA4BC8E02F5}.Release|Any CPU.ActiveCfg = Release|Any CPU
		{D9BEFC18-9E25-4CB3-BC87-7CA4BC8E02F5}.Release|Any CPU.Build.0 = Release|Any CPU
	EndGlobalSection
	GlobalSection(SolutionProperties) = preSolution
		HideSolutionNode = FALSE
	EndGlobalSection
	GlobalSection(ExtensibilityGlobals) = postSolution
		SolutionGuid = {1AB63E43-DAE7-4DF4-A1CC-F3F256DAEFB3}
	EndGlobalSection
EndGlobal
